{
  "name": "passkey-passwordless-web",
  "version": "0.0.1",
  "lockfileVersion": 3,
  "requires": true,
  "packages": {
    "": {
      "name": "passkey-passwordless-web",
      "version": "0.0.1",
      "license": "ISC",
      "dependencies": {
        "@simplewebauthn/browser": "^9.0.1"
      },
      "devDependencies": {
        "typescript": "^5.4.3"
      }
    },
    "node_modules/@simplewebauthn/browser": {
      "version": "9.0.1",
      "resolved": "https://registry.npmjs.org/@simplewebauthn/browser/-/browser-9.0.1.tgz",
      "integrity": "sha512-wD2WpbkaEP4170s13/HUxPcAV5y4ZXaKo1TfNklS5zDefPinIgXOpgz1kpEvobAsaLPa2KeH7AKKX/od1mrBJw==",
      "dependencies": {
        "@simplewebauthn/types": "^9.0.1"
      }
    },
    "node_modules/@simplewebauthn/types": {
      "version": "9.0.1",
      "resolved": "https://registry.npmjs.org/@simplewebauthn/types/-/types-9.0.1.tgz",
      "integrity": "sha512-tGSRP1QvsAvsJmnOlRQyw/mvK9gnPtjEc5fg2+m8n+QUa+D7rvrKkOYyfpy42GTs90X3RDOnqJgfHt+qO67/+w=="
    },
    "node_modules/typescript": {
      "version": "5.4.3",
      "resolved": "https://registry.npmjs.org/typescript/-/typescript-5.4.3.tgz",
      "integrity": "sha512-KrPd3PKaCLr78MalgiwJnA25Nm8HAmdwN3mYUYZgG/wizIo9EainNVQI9/yDavtVFRN2h3k8uf3GLHuhDMgEHg==",
      "dev": true,
      "bin": {
        "tsc": "bin/tsc",
        "tsserver": "bin/tsserver"
      },
      "engines": {
        "node": ">=14.17"
      }
    }
  }
}
